
Microsoft Visual Studio Solution File, Format Version 12.00
# Visual Studio 15
VisualStudioVersion = 15.0.26730.16
MinimumVisualStudioVersion = 10.0.40219.1
Project("{FAE04EC0-301F-11D3-BF4B-00C04F79EFBC}") = "Custard", "Custard.csproj", "{0DF3ED44-2E19-4189-8527-FFA739EDACBC}"
EndProject
Global
	GlobalSection(SolutionConfigurationPlatforms) = preSolution
		Debug|x86 = Debug|x86
		Release|x86 = Release|x86
	EndGlobalSection
	GlobalSection(ProjectConfigurationPlatforms) = postSolution
		{0DF3ED44-2E19-4189-8527-FFA739EDACBC}.Debug|x86.ActiveCfg = Release|x86
		{0DF3ED44-2E19-4189-8527-FFA739EDACBC}.Debug|x86.Build.0 = Release|x86
		{0DF3ED44-2E19-4189-8527-FFA739EDACBC}.Release|x86.ActiveCfg = Release|x86
		{0DF3ED44-2E19-4189-8527-FFA739EDACBC}.Release|x86.Build.0 = Release|x86
	EndGlobalSection
	GlobalSection(SolutionProperties) = preSolution
		HideSolutionNode = FALSE
	EndGlobalSection
	GlobalSection(ExtensibilityGlobals) = postSolution
		SolutionGuid = {959E1CD1-6DCF-4961-B456-74FDBADF4461}
	EndGlobalSection
EndGlobal
